
Microsoft Visual Studio Solution File, Format Version 12.00
# Visual Studio Version 16
VisualStudioVersion = 16.0.30611.23
MinimumVisualStudioVersion = 10.0.40219.1
Project("{FAE04EC0-301F-11D3-BF4B-00C04F79EFBC}") = "Grid", "Grid\Grid.csproj", "{7AD1963E-4B91-439B-81DB-EA33C1ABDD0C}"
EndProject
Global
	GlobalSection(SolutionConfigurationPlatforms) = preSolution
		Debug|Any CPU = Debug|Any CPU
		Release|Any CPU = Release|Any CPU
	EndGlobalSection
	GlobalSection(ProjectConfigurationPlatforms) = postSolution
		{7AD1963E-4B91-439B-81DB-EA33C1ABDD0C}.Debug|Any CPU.ActiveCfg = Debug|Any CPU
		{7AD1963E-4B91-439B-81DB-EA33C1ABDD0C}.Debug|Any CPU.Build.0 = Debug|Any CPU
		{7AD1963E-4B91-439B-81DB-EA33C1ABDD0C}.Release|Any CPU.ActiveCfg = Release|Any CPU
		{7AD1963E-4B91-439B-81DB-EA33C1ABDD0C}.Release|Any CPU.Build.0 = Release|Any CPU
	EndGlobalSection
	GlobalSection(SolutionProperties) = preSolution
		HideSolutionNode = FALSE
	EndGlobalSection
	GlobalSection(ExtensibilityGlobals) = postSolution
		SolutionGuid = {B8FED1C3-2299-4BC6-98AA-4C4A1923BA5A}
	EndGlobalSection
EndGlobal
